Microsoft Visual Studio Solution File, Format Version 12.00
# Visual Studio Version 17
VisualStudioVersion = 17.5.2.0
MinimumVisualStudioVersion = 10.0.40219.1
Project("{FAE04EC0-301F-11D3-BF4B-00C04F79EFBC}") = "OnlineShopCQRS", "OnlineShopCQRS\OnlineShopCQRS.csproj", "{4A909EEE-CD8F-30D0-3574-12D8A5389647}"
EndProject
Global
	GlobalSection(SolutionConfigurationPlatforms) = preSolution
		Debug|Any CPU = Debug|Any CPU
		Release|Any CPU = Release|Any CPU
	EndGlobalSection
	GlobalSection(ProjectConfigurationPlatforms) = postSolution
		{4A909EEE-CD8F-30D0-3574-12D8A5389647}.Debug|Any CPU.ActiveCfg = Debug|Any CPU
		{4A909EEE-CD8F-30D0-3574-12D8A5389647}.Debug|Any CPU.Build.0 = Debug|Any CPU
		{4A909EEE-CD8F-30D0-3574-12D8A5389647}.Release|Any CPU.ActiveCfg = Release|Any CPU
		{4A909EEE-CD8F-30D0-3574-12D8A5389647}.Release|Any CPU.Build.0 = Release|Any CPU
	EndGlobalSection
	GlobalSection(SolutionProperties) = preSolution
		HideSolutionNode = FALSE
	EndGlobalSection
	GlobalSection(ExtensibilityGlobals) = postSolution
		SolutionGuid = {6F54D790-681C-492C-B661-B27B4E2121A5}
	EndGlobalSection
EndGlobal
